
Microsoft Visual Studio Solution File, Format Version 12.00
# Visual Studio Version 17
VisualStudioVersion = 17.9.34607.119
MinimumVisualStudioVersion = 10.0.40219.1
Project("{2150E333-8FDC-42A3-9474-1A3956D46DE8}") = "src", "src", "{109C5334-6F9A-4EBE-A2B2-928DA97769F3}"
EndProject
Project("{2150E333-8FDC-42A3-9474-1A3956D46DE8}") = "test", "test", "{82FE4557-DA7A-423F-B7B3-43F11747D961}"
EndProject
Project("{2150E333-8FDC-42A3-9474-1A3956D46DE8}") = "Solution Items", "Solution Items", "{A04FF831-E6AA-4EA4-AA6E-4115BAB96C79}"
EndProject
Project("{FAE04EC0-301F-11D3-BF4B-00C04F79EFBC}") = "SportsData.Season", "src\SportsData.Season\SportsData.Season.csproj", "{CAC66A29-AC8D-432B-8EC5-C59B9A43C044}"
EndProject
Project("{FAE04EC0-301F-11D3-BF4B-00C04F79EFBC}") = "SportsData.Season.Tests.Unit", "test\SportsData.Season.Tests.Unit\SportsData.Season.Tests.Unit.csproj", "{D9D5D500-22DE-4595-9BD7-19CB39C6EE1B}"
EndProject
Project("{FAE04EC0-301F-11D3-BF4B-00C04F79EFBC}") = "SportsData.Season.Tests.Integration", "test\SportsData.Season.Tests.Integration\SportsData.Season.Tests.Integration.csproj", "{2C40E38C-4903-4F99-A36C-14675AA63D98}"
EndProject
Global
	GlobalSection(SolutionConfigurationPlatforms) = preSolution
		Debug|Any CPU = Debug|Any CPU
		Release|Any CPU = Release|Any CPU
	EndGlobalSection
	GlobalSection(ProjectConfigurationPlatforms) = postSolution
		{CAC66A29-AC8D-432B-8EC5-C59B9A43C044}.Debug|Any CPU.ActiveCfg = Debug|Any CPU
		{CAC66A29-AC8D-432B-8EC5-C59B9A43C044}.Debug|Any CPU.Build.0 = Debug|Any CPU
		{CAC66A29-AC8D-432B-8EC5-C59B9A43C044}.Release|Any CPU.ActiveCfg = Release|Any CPU
		{CAC66A29-AC8D-432B-8EC5-C59B9A43C044}.Release|Any CPU.Build.0 = Release|Any CPU
		{D9D5D500-22DE-4595-9BD7-19CB39C6EE1B}.Debug|Any CPU.ActiveCfg = Debug|Any CPU
		{D9D5D500-22DE-4595-9BD7-19CB39C6EE1B}.Debug|Any CPU.Build.0 = Debug|Any CPU
		{D9D5D500-22DE-4595-9BD7-19CB39C6EE1B}.Release|Any CPU.ActiveCfg = Release|Any CPU
		{D9D5D500-22DE-4595-9BD7-19CB39C6EE1B}.Release|Any CPU.Build.0 = Release|Any CPU
		{2C40E38C-4903-4F99-A36C-14675AA63D98}.Debug|Any CPU.ActiveCfg = Debug|Any CPU
		{2C40E38C-4903-4F99-A36C-14675AA63D98}.Debug|Any CPU.Build.0 = Debug|Any CPU
		{2C40E38C-4903-4F99-A36C-14675AA63D98}.Release|Any CPU.ActiveCfg = Release|Any CPU
		{2C40E38C-4903-4F99-A36C-14675AA63D98}.Release|Any CPU.Build.0 = Release|Any CPU
	EndGlobalSection
	GlobalSection(SolutionProperties) = preSolution
		HideSolutionNode = FALSE
	EndGlobalSection
	GlobalSection(NestedProjects) = preSolution
		{CAC66A29-AC8D-432B-8EC5-C59B9A43C044} = {109C5334-6F9A-4EBE-A2B2-928DA97769F3}
		{D9D5D500-22DE-4595-9BD7-19CB39C6EE1B} = {82FE4557-DA7A-423F-B7B3-43F11747D961}
		{2C40E38C-4903-4F99-A36C-14675AA63D98} = {82FE4557-DA7A-423F-B7B3-43F11747D961}
	EndGlobalSection
	GlobalSection(ExtensibilityGlobals) = postSolution
		SolutionGuid = {B86B98E6-E724-4D5C-A135-D287BD7E40A7}
	EndGlobalSection
EndGlobal
